// !$*UTF8*$!
{
	archiveVersion = 1;
	classes = {
	};
	objectVersion = 46;
	objects = {

/* Begin PBXBuildFile section */
		B49F3AE616FA1349004513DA /* UIKit.framework in Frameworks */ = {isa = PBXBuildFile; fileRef = B49F3AE516FA1349004513DA /* UIKit.framework */; };
		B49F3AE816FA1349004513DA /* Foundation.framework in Frameworks */ = {isa = PBXBuildFile; fileRef = B49F3AE716FA1349004513DA /* Foundation.framework */; };
		B49F3AEA16FA1349004513DA /* CoreGraphics.framework in Frameworks */ = {isa = PBXBuildFile; fileRef = B49F3AE916FA1349004513DA /* CoreGraphics.framework */; };
		B49F3AF016FA1349004513DA /* InfoPlist.strings in Resources */ = {isa = PBXBuildFile; fileRef = B49F3AEE16FA1349004513DA /* InfoPlist.strings */; };
		B49F3AF216FA1349004513DA /* main.m in Sources */ = {isa = PBXBuildFile; fileRef = B49F3AF116FA1349004513DA /* main.m */; };
		B49F3AF616FA1349004513DA /* AppDelegate.m in Sources */ = {isa = PBXBuildFile; fileRef = B49F3AF516FA1349004513DA /* AppDelegate.m */; };
		B49F3AF816FA1349004513DA /* Default.png in Resources */ = {isa = PBXBuildFile; fileRef = B49F3AF716FA1349004513DA /* Default.png */; };
		B49F3AFA16FA1349004513DA /* Default@2x.png in Resources */ = {isa = PBXBuildFile; fileRef = B49F3AF916FA1349004513DA /* Default@2x.png */; };
		B49F3AFC16FA1349004513DA /* Default-568h@2x.png in Resources */ = {isa = PBXBuildFile; fileRef = B49F3AFB16FA1349004513DA /* Default-568h@2x.png */; };
		B49F3AFF16FA1349004513DA /* MainStoryboard.storyboard in Resources */ = {isa = PBXBuildFile; fileRef = B49F3AFD16FA1349004513DA /* MainStoryboard.storyboard */; };
		B49F3B0216FA1349004513DA /* ViewController.m in Sources */ = {isa = PBXBuildFile; fileRef = B49F3B0116FA1349004513DA /* ViewController.m */; };
		B49F3B1216FA1A82004513DA /* SecondViewController.m in Sources */ = {isa = PBXBuildFile; fileRef = B49F3B1016FA1A82004513DA /* SecondViewController.m */; };
		B49F3B1316FA1A82004513DA /* SecondViewController.xib in Resources */ = {isa = PBXBuildFile; fileRef = B49F3B1116FA1A82004513DA /* SecondViewController.xib */; };
/* End PBXBuildFile section */

/* Begin PBXFileReference section */
		B49F3AE116FA1349004513DA /* Events Horizon.app */ = {isa = PBXFileReference; explicitFileType = wrapper.application; includeInIndex = 0; path = "Events Horizon.app"; sourceTree = BUILT_PRODUCTS_DIR; };
		B49F3AE516FA1349004513DA /* UIKit.framework */ = {isa = PBXFileReference; lastKnownFileType = wrapper.framework; name = UIKit.framework; path = System/Library/Frameworks/UIKit.framework; sourceTree = SDKROOT; };
		B49F3AE716FA1349004513DA /* Foundation.framework */ = {isa = PBXFileReference; lastKnownFileType = wrapper.framework; name = Foundation.framework; path = System/Library/Frameworks/Foundation.framework; sourceTree = SDKROOT; };
		B49F3AE916FA1349004513DA /* CoreGraphics.framework */ = {isa = PBXFileReference; lastKnownFileType = wrapper.framework; name = CoreGraphics.framework; path = System/Library/Frameworks/CoreGraphics.framework; sourceTree = SDKROOT; };
		B49F3AED16FA1349004513DA /* Events Horizon-Info.plist */ = {isa = PBXFileReference; lastKnownFileType = text.plist.xml; path = "Events Horizon-Info.plist"; sourceTree = "<group>"; };
		B49F3AEF16FA1349004513DA /* en */ = {isa = PBXFileReference; lastKnownFileType = text.plist.strings; name = en; path = en.lproj/InfoPlist.strings; sourceTree = "<group>"; };
		B49F3AF116FA1349004513DA /* main.m */ = {isa = PBXFileReference; lastKnownFileType = sourcecode.c.objc; path = main.m; sourceTree = "<group>"; };
		B49F3AF316FA1349004513DA /* Events Horizon-Prefix.pch */ = {isa = PBXFileReference; lastKnownFileType = sourcecode.c.h; path = "Events Horizon-Prefix.pch"; sourceTree = "<group>"; };
		B49F3AF416FA1349004513DA /* AppDelegate.h */ = {isa = PBXFileReference; lastKnownFileType = sourcecode.c.h; path = AppDelegate.h; sourceTree = "<group>"; };
		B49F3AF516FA1349004513DA /* AppDelegate.m */ = {isa = PBXFileReference; lastKnownFileType = sourcecode.c.objc; path = AppDelegate.m; sourceTree = "<group>"; };
		B49F3AF716FA1349004513DA /* Default.png */ = {isa = PBXFileReference; lastKnownFileType = image.png; path = Default.png; sourceTree = "<group>"; };
		B49F3AF916FA1349004513DA /* Default@2x.png */ = {isa = PBXFileReference; lastKnownFileType = image.png; path = "Default@2x.png"; sourceTree = "<group>"; };
		B49F3AFB16FA1349004513DA /* Default-568h@2x.png */ = {isa = PBXFileReference; lastKnownFileType = image.png; path = "Default-568h@2x.png"; sourceTree = "<group>"; };
		B49F3AFE16FA1349004513DA /* en */ = {isa = PBXFileReference; lastKnownFileType = file.storyboard; name = en; path = en.lproj/MainStoryboard.storyboard; sourceTree = "<group>"; };
		B49F3B0016FA1349004513DA /* ViewController.h */ = {isa = PBXFileReference; lastKnownFileType = sourcecode.c.h; path = ViewController.h; sourceTree = "<group>"; };
		B49F3B0116FA1349004513DA /* ViewController.m */ = {isa = PBXFileReference; lastKnownFileType = sourcecode.c.objc; path = ViewController.m; sourceTree = "<group>"; };
		B49F3B0F16FA1A82004513DA /* SecondViewController.h */ = {isa = PBXFileReference; fileEncoding = 4; lastKnownFileType = sourcecode.c.h; path = SecondViewController.h; sourceTree = "<group>"; };
		B49F3B1016FA1A82004513DA /* SecondViewController.m */ = {isa = PBXFileReference; fileEncoding = 4; lastKnownFileType = sourcecode.c.objc; path = SecondViewController.m; sourceTree = "<group>"; };
		B49F3B1116FA1A82004513DA /* SecondViewController.xib */ = {isa = PBXFileReference; fileEncoding = 4; lastKnownFileType = file.xib; path = SecondViewController.xib; sourceTree = "<group>"; };
/* End PBXFileReference section */

/* Begin PBXFrameworksBuildPhase section */
		B49F3ADE16FA1349004513DA /* Frameworks */ = {
			isa = PBXFrameworksBuildPhase;
			buildActionMask = 2147483647;
			files = (
				B49F3AE616FA1349004513DA /* UIKit.framework in Frameworks */,
				B49F3AE816FA1349004513DA /* Foundation.framework in Frameworks */,
				B49F3AEA16FA1349004513DA /* CoreGraphics.framework in Frameworks */,
			);
			runOnlyForDeploymentPostprocessing = 0;
		};
/* End PBXFrameworksBuildPhase section */

/* Begin PBXGroup section */
		B49F3AD616FA1349004513DA = {
			isa = PBXGroup;
			children = (
				B49F3AEB16FA1349004513DA /* Events Horizon */,
				B49F3AE416FA1349004513DA /* Frameworks */,
				B49F3AE216FA1349004513DA /* Products */,
			);
			sourceTree = "<group>";
		};
		B49F3AE216FA1349004513DA /* Products */ = {
			isa = PBXGroup;
			children = (
				B49F3AE116FA1349004513DA /* Events Horizon.app */,
			);
			name = Products;
			sourceTree = "<group>";
		};
		B49F3AE416FA1349004513DA /* Frameworks */ = {
			isa = PBXGroup;
			children = (
				B49F3AE516FA1349004513DA /* UIKit.framework */,
				B49F3AE716FA1349004513DA /* Foundation.framework */,
				B49F3AE916FA1349004513DA /* CoreGraphics.framework */,
			);
			name = Frameworks;
			sourceTree = "<group>";
		};
		B49F3AEB16FA1349004513DA /* Events Horizon */ = {
			isa = PBXGroup;
			children = (
				B49F3AF416FA1349004513DA /* AppDelegate.h */,
				B49F3AF516FA1349004513DA /* AppDelegate.m */,
				B49F3AFD16FA1349004513DA /* MainStoryboard.storyboard */,
				B49F3B0016FA1349004513DA /* ViewController.h */,
				B49F3B0116FA1349004513DA /* ViewController.m */,
				B49F3AEC16FA1349004513DA /* Supporting Files */,
				B49F3B0F16FA1A82004513DA /* SecondViewController.h */,
				B49F3B1016FA1A82004513DA /* SecondViewController.m */,
				B49F3B1116FA1A82004513DA /* SecondViewController.xib */,
			);
			path = "Events Horizon";
			sourceTree = "<group>";
		};
		B49F3AEC16FA1349004513DA /* Supporting Files */ = {
			isa = PBXGroup;
			children = (
				B49F3AED16FA1349004513DA /* Events Horizon-Info.plist */,
				B49F3AEE16FA1349004513DA /* InfoPlist.strings */,
				B49F3AF116FA1349004513DA /* main.m */,
				B49F3AF316FA1349004513DA /* Events Horizon-Prefix.pch */,
				B49F3AF716FA1349004513DA /* Default.png */,
				B49F3AF916FA1349004513DA /* Default@2x.png */,
				B49F3AFB16FA1349004513DA /* Default-568h@2x.png */,
			);
			name = "Supporting Files";
			sourceTree = "<group>";
		};
/* End PBXGroup section */

/* Begin PBXNativeTarget section */
		B49F3AE016FA1349004513DA /* Events Horizon */ = {
			isa = PBXNativeTarget;
			buildConfigurationList = B49F3B0516FA1349004513DA /* Build configuration list for PBXNativeTarget "Events Horizon" */;
			buildPhases = (
				B49F3ADD16FA1349004513DA /* Sources */,
				B49F3ADE16FA1349004513DA /* Frameworks */,
				B49F3ADF16FA1349004513DA /* Resources */,
			);
			buildRules = (
			);
			dependencies = (
			);
			name = "Events Horizon";
			productName = "Events Horizon";
			productReference = B49F3AE116FA1349004513DA /* Events Horizon.app */;
			productType = "com.apple.product-type.application";
		};
/* End PBXNativeTarget section */

/* Begin PBXProject section */
		B49F3AD816FA1349004513DA /* Project object */ = {
			isa = PBXProject;
			attributes = {
				LastUpgradeCheck = 0450;
				ORGANIZATIONNAME = "john plank";
			};
			buildConfigurationList = B49F3ADB16FA1349004513DA /* Build configuration list for PBXProject "Events Horizon" */;
			compatibilityVersion = "Xcode 3.2";
			developmentRegion = English;
			hasScannedForEncodings = 0;
			knownRegions = (
				en,
			);
			mainGroup = B49F3AD616FA1349004513DA;
			productRefGroup = B49F3AE216FA1349004513DA /* Products */;
			projectDirPath = "";
			projectRoot = "";
			targets = (
				B49F3AE016FA1349004513DA /* Events Horizon */,
			);
		};
/* End PBXProject section */

/* Begin PBXResourcesBuildPhase section */
		B49F3ADF16FA1349004513DA /* Resources */ = {
			isa = PBXResourcesBuildPhase;
			buildActionMask = 2147483647;
			files = (
				B49F3AF016FA1349004513DA /* InfoPlist.strings in Resources */,
				B49F3AF816FA1349004513DA /* Default.png in Resources */,
				B49F3AFA16FA1349004513DA /* Default@2x.png in Resources */,
				B49F3AFC16FA1349004513DA /* Default-568h@2x.png in Resources */,
				B49F3AFF16FA1349004513DA /* MainStoryboard.storyboard in Resources */,
				B49F3B1316FA1A82004513DA /* SecondViewController.xib in Resources */,
			);
			runOnlyForDeploymentPostprocessing = 0;
		};
/* End PBXResourcesBuildPhase section */

/* Begin PBXSourcesBuildPhase section */
		B49F3ADD16FA1349004513DA /* Sources */ = {
			isa = PBXSourcesBuildPhase;
			buildActionMask = 2147483647;
			files = (
				B49F3AF216FA1349004513DA /* main.m in Sources */,
				B49F3AF616FA1349004513DA /* AppDelegate.m in Sources */,
				B49F3B0216FA1349004513DA /* ViewController.m in Sources */,
				B49F3B1216FA1A82004513DA /* SecondViewController.m in Sources */,
			);
			runOnlyForDeploymentPostprocessing = 0;
		};
/* End PBXSourcesBuildPhase section */

/* Begin PBXVariantGroup section */
		B49F3AEE16FA1349004513DA /* InfoPlist.strings */ = {
			isa = PBXVariantGroup;
			children = (
				B49F3AEF16FA1349004513DA /* en */,
			);
			name = InfoPlist.strings;
			sourceTree = "<group>";
		};
		B49F3AFD16FA1349004513DA /* MainStoryboard.storyboard */ = {
			isa = PBXVariantGroup;
			children = (
				B49F3AFE16FA1349004513DA /* en */,
			);
			name = MainStoryboard.storyboard;
			sourceTree = "<group>";
		};
/* End PBXVariantGroup section */

/* Begin XCBuildConfiguration section */
		B49F3B0316FA1349004513DA /* Debug */ = {
			isa = XCBuildConfiguration;
			buildSettings = {
				ALWAYS_SEARCH_USER_PATHS = NO;
				CLANG_CXX_LANGUAGE_STANDARD = "gnu++0x";
				CLANG_CXX_LIBRARY = "libc++";
				CLANG_WARN_EMPTY_BODY = YES;
				CLANG_WARN__DUPLICATE_METHOD_MATCH = YES;
				"CODE_SIGN_IDENTITY[sdk=iphoneos*]" = "iPhone Developer";
				COPY_PHASE_STRIP = NO;
				GCC_C_LANGUAGE_STANDARD = gnu99;
				GCC_DYNAMIC_NO_PIC = NO;
				GCC_OPTIMIZATION_LEVEL = 0;
				GCC_PREPROCESSOR_DEFINITIONS = (
					"DEBUG=1",
					"$(inherited)",
				);
				GCC_SYMBOLS_PRIVATE_EXTERN = NO;
				GCC_WARN_ABOUT_RETURN_TYPE = YES;
				GCC_WARN_UNINITIALIZED_AUTOS = YES;
				GCC_WARN_UNUSED_VARIABLE = YES;
				IPHONEOS_DEPLOYMENT_TARGET = 6.0;
				ONLY_ACTIVE_ARCH = YES;
				SDKROOT = iphoneos;
			};
			name = Debug;
		};
		B49F3B0416FA1349004513DA /* Release */ = {
			isa = XCBuildConfiguration;
			buildSettings = {
				ALWAYS_SEARCH_USER_PATHS = NO;
				CLANG_CXX_LANGUAGE_STANDARD = "gnu++0x";
				CLANG_CXX_LIBRARY = "libc++";
				CLANG_WARN_EMPTY_BODY = YES;
				CLANG_WARN__DUPLICATE_METHOD_MATCH = YES;
				"CODE_SIGN_IDENTITY[sdk=iphoneos*]" = "iPhone Developer";
				COPY_PHASE_STRIP = YES;
				GCC_C_LANGUAGE_STANDARD = gnu99;
				GCC_WARN_ABOUT_RETURN_TYPE = YES;
				GCC_WARN_UNINITIALIZED_AUTOS = YES;
				GCC_WARN_UNUSED_VARIABLE = YES;
				IPHONEOS_DEPLOYMENT_TARGET = 6.0;
				OTHER_CFLAGS = "-DNS_BLOCK_ASSERTIONS=1";
				SDKROOT = iphoneos;
				VALIDATE_PRODUCT = YES;
			};
			name = Release;
		};
		B49F3B0616FA1349004513DA /* Debug */ = {
			isa = XCBuildConfiguration;
			buildSettings = {
				GCC_PRECOMPILE_PREFIX_HEADER = YES;
				GCC_PREFIX_HEADER = "Events Horizon/Events Horizon-Prefix.pch";
				INFOPLIST_FILE = "Events Horizon/Events Horizon-Info.plist";
				PRODUCT_NAME = "$(TARGET_NAME)";
				WRAPPER_EXTENSION = app;
			};
			name = Debug;
		};
		B49F3B0716FA1349004513DA /* Release */ = {
			isa = XCBuildConfiguration;
			buildSettings = {
				GCC_PRECOMPILE_PREFIX_HEADER = YES;
				GCC_PREFIX_HEADER = "Events Horizon/Events Horizon-Prefix.pch";
				INFOPLIST_FILE = "Events Horizon/Events Horizon-Info.plist";
				PRODUCT_NAME = "$(TARGET_NAME)";
				WRAPPER_EXTENSION = app;
			};
			name = Release;
		};
/* End XCBuildConfiguration section */

/* Begin XCConfigurationList section */
		B49F3ADB16FA1349004513DA /* Build configuration list for PBXProject "Events Horizon" */ = {
			isa = XCConfigurationList;
			buildConfigurations = (
				B49F3B0316FA1349004513DA /* Debug */,
				B49F3B0416FA1349004513DA /* Release */,
			);
			defaultConfigurationIsVisible = 0;
			defaultConfigurationName = Release;
		};
		B49F3B0516FA1349004513DA /* Build configuration list for PBXNativeTarget "Events Horizon" */ = {
			isa = XCConfigurationList;
			buildConfigurations = (
				B49F3B0616FA1349004513DA /* Debug */,
				B49F3B0716FA1349004513DA /* Release */,
			);
			defaultConfigurationIsVisible = 0;
		};
/* End XCConfigurationList section */
	};
	rootObject = B49F3AD816FA1349004513DA /* Project object */;
}
